
Microsoft Visual Studio Solution File, Format Version 12.00
# Visual Studio Version 17
VisualStudioVersion = 17.4.33213.308
MinimumVisualStudioVersion = 10.0.40219.1
Project("{FAE04EC0-301F-11D3-BF4B-00C04F79EFBC}") = "InsertionSort", "InsertionSort\InsertionSort.csproj", "{7092B914-5F7D-4A59-87BA-6AD22C51303F}"
EndProject
Global
	GlobalSection(SolutionConfigurationPlatforms) = preSolution
		Debug|Any CPU = Debug|Any CPU
		Release|Any CPU = Release|Any CPU
	EndGlobalSection
	GlobalSection(ProjectConfigurationPlatforms) = postSolution
		{7092B914-5F7D-4A59-87BA-6AD22C51303F}.Debug|Any CPU.ActiveCfg = Debug|Any CPU
		{7092B914-5F7D-4A59-87BA-6AD22C51303F}.Debug|Any CPU.Build.0 = Debug|Any CPU
		{7092B914-5F7D-4A59-87BA-6AD22C51303F}.Release|Any CPU.ActiveCfg = Release|Any CPU
		{7092B914-5F7D-4A59-87BA-6AD22C51303F}.Release|Any CPU.Build.0 = Release|Any CPU
	EndGlobalSection
	GlobalSection(SolutionProperties) = preSolution
		HideSolutionNode = FALSE
	EndGlobalSection
	GlobalSection(ExtensibilityGlobals) = postSolution
		SolutionGuid = {5793254A-61D1-43AB-A4B7-E0F8B65D314D}
	EndGlobalSection
EndGlobal
